
Microsoft Visual Studio Solution File, Format Version 12.00
# Visual Studio Version 17
VisualStudioVersion = 17.14.36327.8 d17.14
MinimumVisualStudioVersion = 10.0.40219.1
Project("{FAE04EC0-301F-11D3-BF4B-00C04F79EFBC}") = "WashTrack", "WashTrack.csproj", "{5FE90D2E-734E-4EE4-B6CA-2CEDD8377B3A}"
EndProject
Global
	GlobalSection(SolutionConfigurationPlatforms) = preSolution
		Debug|Any CPU = Debug|Any CPU
		Release|Any CPU = Release|Any CPU
	EndGlobalSection
	GlobalSection(ProjectConfigurationPlatforms) = postSolution
		{5FE90D2E-734E-4EE4-B6CA-2CEDD8377B3A}.Debug|Any CPU.ActiveCfg = Debug|Any CPU
		{5FE90D2E-734E-4EE4-B6CA-2CEDD8377B3A}.Debug|Any CPU.Build.0 = Debug|Any CPU
		{5FE90D2E-734E-4EE4-B6CA-2CEDD8377B3A}.Release|Any CPU.ActiveCfg = Release|Any CPU
		{5FE90D2E-734E-4EE4-B6CA-2CEDD8377B3A}.Release|Any CPU.Build.0 = Release|Any CPU
	EndGlobalSection
	GlobalSection(SolutionProperties) = preSolution
		HideSolutionNode = FALSE
	EndGlobalSection
	GlobalSection(ExtensibilityGlobals) = postSolution
		SolutionGuid = {4EDB9E9D-DE77-47E7-BD17-286D3920D68C}
	EndGlobalSection
EndGlobal
